// !$*UTF8*$!
{
	archiveVersion = 1;
	classes = {
	};
	objectVersion = 55;
	objects = {

/* Begin PBXBuildFile section */
		5652BDAB2726ADB800A7E8A7 /* iTunesApiManager.swift in Sources */ = {isa = PBXBuildFile; fileRef = 5652BDAA2726ADB700A7E8A7 /* iTunesApiManager.swift */; };
		5652BDAD2726C49100A7E8A7 /* iTunesApiData.swift in Sources */ = {isa = PBXBuildFile; fileRef = 5652BDAC2726C49100A7E8A7 /* iTunesApiData.swift */; };
		565FF1622725CDB900D51A61 /* AppDelegate.swift in Sources */ = {isa = PBXBuildFile; fileRef = 565FF1612725CDB900D51A61 /* AppDelegate.swift */; };
		565FF1642725CDB900D51A61 /* SceneDelegate.swift in Sources */ = {isa = PBXBuildFile; fileRef = 565FF1632725CDB900D51A61 /* SceneDelegate.swift */; };
		565FF1662725CDB900D51A61 /* ViewController.swift in Sources */ = {isa = PBXBuildFile; fileRef = 565FF1652725CDB900D51A61 /* ViewController.swift */; };
		565FF1692725CDB900D51A61 /* Main.storyboard in Resources */ = {isa = PBXBuildFile; fileRef = 565FF1672725CDB900D51A61 /* Main.storyboard */; };
		565FF16B2725CDBB00D51A61 /* Assets.xcassets in Resources */ = {isa = PBXBuildFile; fileRef = 565FF16A2725CDBB00D51A61 /* Assets.xcassets */; };
		565FF16E2725CDBB00D51A61 /* LaunchScreen.storyboard in Resources */ = {isa = PBXBuildFile; fileRef = 565FF16C2725CDBB00D51A61 /* LaunchScreen.storyboard */; };
		565FF1792725CDBB00D51A61 /* Hepsiburada_iOS_Code_CaseTests.swift in Sources */ = {isa = PBXBuildFile; fileRef = 565FF1782725CDBB00D51A61 /* Hepsiburada_iOS_Code_CaseTests.swift */; };
		565FF1832725CDBB00D51A61 /* Hepsiburada_iOS_Code_CaseUITests.swift in Sources */ = {isa = PBXBuildFile; fileRef = 565FF1822725CDBB00D51A61 /* Hepsiburada_iOS_Code_CaseUITests.swift */; };
		565FF1852725CDBB00D51A61 /* Hepsiburada_iOS_Code_CaseUITestsLaunchTests.swift in Sources */ = {isa = PBXBuildFile; fileRef = 565FF1842725CDBB00D51A61 /* Hepsiburada_iOS_Code_CaseUITestsLaunchTests.swift */; };
		56FF8EDE2726F639001E2E5E /* iTunesCollectionViewCell.swift in Sources */ = {isa = PBXBuildFile; fileRef = 56FF8EDD2726F639001E2E5E /* iTunesCollectionViewCell.swift */; };
		56FF8EE02726FA36001E2E5E /* ResultViewController.swift in Sources */ = {isa = PBXBuildFile; fileRef = 56FF8EDF2726FA36001E2E5E /* ResultViewController.swift */; };
/* End PBXBuildFile section */

/* Begin PBXContainerItemProxy section */
		565FF1752725CDBB00D51A61 /* PBXContainerItemProxy */ = {
			isa = PBXContainerItemProxy;
			containerPortal = 565FF1562725CDB900D51A61 /* Project object */;
			proxyType = 1;
			remoteGlobalIDString = 565FF15D2725CDB900D51A61;
			remoteInfo = Hepsiburada_iOS_Code_Case;
		};
		565FF17F2725CDBB00D51A61 /* PBXContainerItemProxy */ = {
			isa = PBXContainerItemProxy;
			containerPortal = 565FF1562725CDB900D51A61 /* Project object */;
			proxyType = 1;
			remoteGlobalIDString = 565FF15D2725CDB900D51A61;
			remoteInfo = Hepsiburada_iOS_Code_Case;
		};
/* End PBXContainerItemProxy section */

/* Begin PBXFileReference section */
		5652BDAA2726ADB700A7E8A7 /* iTunesApiManager.swift */ = {isa = PBXFileReference; lastKnownFileType = sourcecode.swift; path = iTunesApiManager.swift; sourceTree = "<group>"; };
		5652BDAC2726C49100A7E8A7 /* iTunesApiData.swift */ = {isa = PBXFileReference; lastKnownFileType = sourcecode.swift; path = iTunesApiData.swift; sourceTree = "<group>"; };
		565FF15E2725CDB900D51A61 /* Hepsiburada_iOS_Code_Case.app */ = {isa = PBXFileReference; explicitFileType = wrapper.application; includeInIndex = 0; path = Hepsiburada_iOS_Code_Case.app; sourceTree = BUILT_PRODUCTS_DIR; };
		565FF1612725CDB900D51A61 /* AppDelegate.swift */ = {isa = PBXFileReference; lastKnownFileType = sourcecode.swift; path = AppDelegate.swift; sourceTree = "<group>"; };
		565FF1632725CDB900D51A61 /* SceneDelegate.swift */ = {isa = PBXFileReference; lastKnownFileType = sourcecode.swift; path = SceneDelegate.swift; sourceTree = "<group>"; };
		565FF1652725CDB900D51A61 /* ViewController.swift */ = {isa = PBXFileReference; lastKnownFileType = sourcecode.swift; path = ViewController.swift; sourceTree = "<group>"; };
		565FF1682725CDB900D51A61 /* Base */ = {isa = PBXFileReference; lastKnownFileType = file.storyboard; name = Base; path = Base.lproj/Main.storyboard; sourceTree = "<group>"; };
		565FF16A2725CDBB00D51A61 /* Assets.xcassets */ = {isa = PBXFileReference; lastKnownFileType = folder.assetcatalog; path = Assets.xcassets; sourceTree = "<group>"; };
		565FF16D2725CDBB00D51A61 /* Base */ = {isa = PBXFileReference; lastKnownFileType = file.storyboard; name = Base; path = Base.lproj/LaunchScreen.storyboard; sourceTree = "<group>"; };
		565FF16F2725CDBB00D51A61 /* Info.plist */ = {isa = PBXFileReference; lastKnownFileType = text.plist.xml; path = Info.plist; sourceTree = "<group>"; };
		565FF1742725CDBB00D51A61 /* Hepsiburada_iOS_Code_CaseTests.xctest */ = {isa = PBXFileReference; explicitFileType = wrapper.cfbundle; includeInIndex = 0; path = Hepsiburada_iOS_Code_CaseTests.xctest; sourceTree = BUILT_PRODUCTS_DIR; };
		565FF1782725CDBB00D51A61 /* Hepsiburada_iOS_Code_CaseTests.swift */ = {isa = PBXFileReference; lastKnownFileType = sourcecode.swift; path = Hepsiburada_iOS_Code_CaseTests.swift; sourceTree = "<group>"; };
		565FF17E2725CDBB00D51A61 /* Hepsiburada_iOS_Code_CaseUITests.xctest */ = {isa = PBXFileReference; explicitFileType = wrapper.cfbundle; includeInIndex = 0; path = Hepsiburada_iOS_Code_CaseUITests.xctest; sourceTree = BUILT_PRODUCTS_DIR; };
		565FF1822725CDBB00D51A61 /* Hepsiburada_iOS_Code_CaseUITests.swift */ = {isa = PBXFileReference; lastKnownFileType = sourcecode.swift; path = Hepsiburada_iOS_Code_CaseUITests.swift; sourceTree = "<group>"; };
		565FF1842725CDBB00D51A61 /* Hepsiburada_iOS_Code_CaseUITestsLaunchTests.swift */ = {isa = PBXFileReference; lastKnownFileType = sourcecode.swift; path = Hepsiburada_iOS_Code_CaseUITestsLaunchTests.swift; sourceTree = "<group>"; };
		56FF8EDD2726F639001E2E5E /* iTunesCollectionViewCell.swift */ = {isa = PBXFileReference; lastKnownFileType = sourcecode.swift; path = iTunesCollectionViewCell.swift; sourceTree = "<group>"; };
		56FF8EDF2726FA36001E2E5E /* ResultViewController.swift */ = {isa = PBXFileReference; lastKnownFileType = sourcecode.swift; path = ResultViewController.swift; sourceTree = "<group>"; };
/* End PBXFileReference section */

/* Begin PBXFrameworksBuildPhase section */
		565FF15B2725CDB900D51A61 /* Frameworks */ = {
			isa = PBXFrameworksBuildPhase;
			buildActionMask = 2147483647;
			files = (
			);
			runOnlyForDeploymentPostprocessing = 0;
		};
		565FF1712725CDBB00D51A61 /* Frameworks */ = {
			isa = PBXFrameworksBuildPhase;
			buildActionMask = 2147483647;
			files = (
			);
			runOnlyForDeploymentPostprocessing = 0;
		};
		565FF17B2725CDBB00D51A61 /* Frameworks */ = {
			isa = PBXFrameworksBuildPhase;
			buildActionMask = 2147483647;
			files = (
			);
			runOnlyForDeploymentPostprocessing = 0;
		};
/* End PBXFrameworksBuildPhase section */

/* Begin PBXGroup section */
		565FF1552725CDB900D51A61 = {
			isa = PBXGroup;
			children = (
				565FF1602725CDB900D51A61 /* Hepsiburada_iOS_Code_Case */,
				565FF1772725CDBB00D51A61 /* Hepsiburada_iOS_Code_CaseTests */,
				565FF1812725CDBB00D51A61 /* Hepsiburada_iOS_Code_CaseUITests */,
				565FF15F2725CDB900D51A61 /* Products */,
			);
			sourceTree = "<group>";
		};
		565FF15F2725CDB900D51A61 /* Products */ = {
			isa = PBXGroup;
			children = (
				565FF15E2725CDB900D51A61 /* Hepsiburada_iOS_Code_Case.app */,
				565FF1742725CDBB00D51A61 /* Hepsiburada_iOS_Code_CaseTests.xctest */,
				565FF17E2725CDBB00D51A61 /* Hepsiburada_iOS_Code_CaseUITests.xctest */,
			);
			name = Products;
			sourceTree = "<group>";
		};
		565FF1602725CDB900D51A61 /* Hepsiburada_iOS_Code_Case */ = {
			isa = PBXGroup;
			children = (
				565FF1922725CFB800D51A61 /* Model */,
				565FF1912725CFA800D51A61 /* View */,
				565FF1932725CFBF00D51A61 /* Controller */,
				565FF1612725CDB900D51A61 /* AppDelegate.swift */,
				565FF1632725CDB900D51A61 /* SceneDelegate.swift */,
				565FF16A2725CDBB00D51A61 /* Assets.xcassets */,
				565FF16C2725CDBB00D51A61 /* LaunchScreen.storyboard */,
				565FF16F2725CDBB00D51A61 /* Info.plist */,
			);
			path = Hepsiburada_iOS_Code_Case;
			sourceTree = "<group>";
		};
		565FF1772725CDBB00D51A61 /* Hepsiburada_iOS_Code_CaseTests */ = {
			isa = PBXGroup;
			children = (
				565FF1782725CDBB00D51A61 /* Hepsiburada_iOS_Code_CaseTests.swift */,
			);
			path = Hepsiburada_iOS_Code_CaseTests;
			sourceTree = "<group>";
		};
		565FF1812725CDBB00D51A61 /* Hepsiburada_iOS_Code_CaseUITests */ = {
			isa = PBXGroup;
			children = (
				565FF1822725CDBB00D51A61 /* Hepsiburada_iOS_Code_CaseUITests.swift */,
				565FF1842725CDBB00D51A61 /* Hepsiburada_iOS_Code_CaseUITestsLaunchTests.swift */,
			);
			path = Hepsiburada_iOS_Code_CaseUITests;
			sourceTree = "<group>";
		};
		565FF1912725CFA800D51A61 /* View */ = {
			isa = PBXGroup;
			children = (
				565FF1672725CDB900D51A61 /* Main.storyboard */,
			);
			path = View;
			sourceTree = "<group>";
		};
		565FF1922725CFB800D51A61 /* Model */ = {
			isa = PBXGroup;
			children = (
				5652BDAA2726ADB700A7E8A7 /* iTunesApiManager.swift */,
				5652BDAC2726C49100A7E8A7 /* iTunesApiData.swift */,
				56FF8EDD2726F639001E2E5E /* iTunesCollectionViewCell.swift */,
			);
			path = Model;
			sourceTree = "<group>";
		};
		565FF1932725CFBF00D51A61 /* Controller */ = {
			isa = PBXGroup;
			children = (
				565FF1652725CDB900D51A61 /* ViewController.swift */,
				56FF8EDF2726FA36001E2E5E /* ResultViewController.swift */,
			);
			path = Controller;
			sourceTree = "<group>";
		};
/* End PBXGroup section */

/* Begin PBXNativeTarget section */
		565FF15D2725CDB900D51A61 /* Hepsiburada_iOS_Code_Case */ = {
			isa = PBXNativeTarget;
			buildConfigurationList = 565FF1882725CDBB00D51A61 /* Build configuration list for PBXNativeTarget "Hepsiburada_iOS_Code_Case" */;
			buildPhases = (
				565FF15A2725CDB900D51A61 /* Sources */,
				565FF15B2725CDB900D51A61 /* Frameworks */,
				565FF15C2725CDB900D51A61 /* Resources */,
			);
			buildRules = (
			);
			dependencies = (
			);
			name = Hepsiburada_iOS_Code_Case;
			productName = Hepsiburada_iOS_Code_Case;
			productReference = 565FF15E2725CDB900D51A61 /* Hepsiburada_iOS_Code_Case.app */;
			productType = "com.apple.product-type.application";
		};
		565FF1732725CDBB00D51A61 /* Hepsiburada_iOS_Code_CaseTests */ = {
			isa = PBXNativeTarget;
			buildConfigurationList = 565FF18B2725CDBB00D51A61 /* Build configuration list for PBXNativeTarget "Hepsiburada_iOS_Code_CaseTests" */;
			buildPhases = (
				565FF1702725CDBB00D51A61 /* Sources */,
				565FF1712725CDBB00D51A61 /* Frameworks */,
				565FF1722725CDBB00D51A61 /* Resources */,
			);
			buildRules = (
			);
			dependencies = (
				565FF1762725CDBB00D51A61 /* PBXTargetDependency */,
			);
			name = Hepsiburada_iOS_Code_CaseTests;
			productName = Hepsiburada_iOS_Code_CaseTests;
			productReference = 565FF1742725CDBB00D51A61 /* Hepsiburada_iOS_Code_CaseTests.xctest */;
			productType = "com.apple.product-type.bundle.unit-test";
		};
		565FF17D2725CDBB00D51A61 /* Hepsiburada_iOS_Code_CaseUITests */ = {
			isa = PBXNativeTarget;
			buildConfigurationList = 565FF18E2725CDBB00D51A61 /* Build configuration list for PBXNativeTarget "Hepsiburada_iOS_Code_CaseUITests" */;
			buildPhases = (
				565FF17A2725CDBB00D51A61 /* Sources */,
				565FF17B2725CDBB00D51A61 /* Frameworks */,
				565FF17C2725CDBB00D51A61 /* Resources */,
			);
			buildRules = (
			);
			dependencies = (
				565FF1802725CDBB00D51A61 /* PBXTargetDependency */,
			);
			name = Hepsiburada_iOS_Code_CaseUITests;
			productName = Hepsiburada_iOS_Code_CaseUITests;
			productReference = 565FF17E2725CDBB00D51A61 /* Hepsiburada_iOS_Code_CaseUITests.xctest */;
			productType = "com.apple.product-type.bundle.ui-testing";
		};
/* End PBXNativeTarget section */

/* Begin PBXProject section */
		565FF1562725CDB900D51A61 /* Project object */ = {
			isa = PBXProject;
			attributes = {
				BuildIndependentTargetsInParallel = 1;
				LastSwiftUpdateCheck = 1300;
				LastUpgradeCheck = 1300;
				TargetAttributes = {
					565FF15D2725CDB900D51A61 = {
						CreatedOnToolsVersion = 13.0;
					};
					565FF1732725CDBB00D51A61 = {
						CreatedOnToolsVersion = 13.0;
						TestTargetID = 565FF15D2725CDB900D51A61;
					};
					565FF17D2725CDBB00D51A61 = {
						CreatedOnToolsVersion = 13.0;
						TestTargetID = 565FF15D2725CDB900D51A61;
					};
				};
			};
			buildConfigurationList = 565FF1592725CDB900D51A61 /* Build configuration list for PBXProject "Hepsiburada_iOS_Code_Case" */;
			compatibilityVersion = "Xcode 13.0";
			developmentRegion = en;
			hasScannedForEncodings = 0;
			knownRegions = (
				en,
				Base,
			);
			mainGroup = 565FF1552725CDB900D51A61;
			productRefGroup = 565FF15F2725CDB900D51A61 /* Products */;
			projectDirPath = "";
			projectRoot = "";
			targets = (
				565FF15D2725CDB900D51A61 /* Hepsiburada_iOS_Code_Case */,
				565FF1732725CDBB00D51A61 /* Hepsiburada_iOS_Code_CaseTests */,
				565FF17D2725CDBB00D51A61 /* Hepsiburada_iOS_Code_CaseUITests */,
			);
		};
/* End PBXProject section */

/* Begin PBXResourcesBuildPhase section */
		565FF15C2725CDB900D51A61 /* Resources */ = {
			isa = PBXResourcesBuildPhase;
			buildActionMask = 2147483647;
			files = (
				565FF16E2725CDBB00D51A61 /* LaunchScreen.storyboard in Resources */,
				565FF16B2725CDBB00D51A61 /* Assets.xcassets in Resources */,
				565FF1692725CDB900D51A61 /* Main.storyboard in Resources */,
			);
			runOnlyForDeploymentPostprocessing = 0;
		};
		565FF1722725CDBB00D51A61 /* Resources */ = {
			isa = PBXResourcesBuildPhase;
			buildActionMask = 2147483647;
			files = (
			);
			runOnlyForDeploymentPostprocessing = 0;
		};
		565FF17C2725CDBB00D51A61 /* Resources */ = {
			isa = PBXResourcesBuildPhase;
			buildActionMask = 2147483647;
			files = (
			);
			runOnlyForDeploymentPostprocessing = 0;
		};
/* End PBXResourcesBuildPhase section */

/* Begin PBXSourcesBuildPhase section */
		565FF15A2725CDB900D51A61 /* Sources */ = {
			isa = PBXSourcesBuildPhase;
			buildActionMask = 2147483647;
			files = (
				565FF1662725CDB900D51A61 /* ViewController.swift in Sources */,
				565FF1622725CDB900D51A61 /* AppDelegate.swift in Sources */,
				56FF8EE02726FA36001E2E5E /* ResultViewController.swift in Sources */,
				5652BDAB2726ADB800A7E8A7 /* iTunesApiManager.swift in Sources */,
				5652BDAD2726C49100A7E8A7 /* iTunesApiData.swift in Sources */,
				56FF8EDE2726F639001E2E5E /* iTunesCollectionViewCell.swift in Sources */,
				565FF1642725CDB900D51A61 /* SceneDelegate.swift in Sources */,
			);
			runOnlyForDeploymentPostprocessing = 0;
		};
		565FF1702725CDBB00D51A61 /* Sources */ = {
			isa = PBXSourcesBuildPhase;
			buildActionMask = 2147483647;
			files = (
				565FF1792725CDBB00D51A61 /* Hepsiburada_iOS_Code_CaseTests.swift in Sources */,
			);
			runOnlyForDeploymentPostprocessing = 0;
		};
		565FF17A2725CDBB00D51A61 /* Sources */ = {
			isa = PBXSourcesBuildPhase;
			buildActionMask = 2147483647;
			files = (
				565FF1852725CDBB00D51A61 /* Hepsiburada_iOS_Code_CaseUITestsLaunchTests.swift in Sources */,
				565FF1832725CDBB00D51A61 /* Hepsiburada_iOS_Code_CaseUITests.swift in Sources */,
			);
			runOnlyForDeploymentPostprocessing = 0;
		};
/* End PBXSourcesBuildPhase section */

/* Begin PBXTargetDependency section */
		565FF1762725CDBB00D51A61 /* PBXTargetDependency */ = {
			isa = PBXTargetDependency;
			target = 565FF15D2725CDB900D51A61 /* Hepsiburada_iOS_Code_Case */;
			targetProxy = 565FF1752725CDBB00D51A61 /* PBXContainerItemProxy */;
		};
		565FF1802725CDBB00D51A61 /* PBXTargetDependency */ = {
			isa = PBXTargetDependency;
			target = 565FF15D2725CDB900D51A61 /* Hepsiburada_iOS_Code_Case */;
			targetProxy = 565FF17F2725CDBB00D51A61 /* PBXContainerItemProxy */;
		};
/* End PBXTargetDependency section */

/* Begin PBXVariantGroup section */
		565FF1672725CDB900D51A61 /* Main.storyboard */ = {
			isa = PBXVariantGroup;
			children = (
				565FF1682725CDB900D51A61 /* Base */,
			);
			name = Main.storyboard;
			sourceTree = "<group>";
		};
		565FF16C2725CDBB00D51A61 /* LaunchScreen.storyboard */ = {
			isa = PBXVariantGroup;
			children = (
				565FF16D2725CDBB00D51A61 /* Base */,
			);
			name = LaunchScreen.storyboard;
			sourceTree = "<group>";
		};
/* End PBXVariantGroup section */

/* Begin XCBuildConfiguration section */
		565FF1862725CDBB00D51A61 /* Debug */ = {
			isa = XCBuildConfiguration;
			buildSettings = {
				ALWAYS_SEARCH_USER_PATHS = NO;
				CLANG_ANALYZER_NONNULL = YES;
				CLANG_ANALYZER_NUMBER_OBJECT_CONVERSION = YES_AGGRESSIVE;
				CLANG_CXX_LANGUAGE_STANDARD = "gnu++17";
				CLANG_CXX_LIBRARY = "libc++";
				CLANG_ENABLE_MODULES = YES;
				CLANG_ENABLE_OBJC_ARC = YES;
				CLANG_ENABLE_OBJC_WEAK = YES;
				CLANG_WARN_BLOCK_CAPTURE_AUTORELEASING = YES;
				CLANG_WARN_BOOL_CONVERSION = YES;
				CLANG_WARN_COMMA = YES;
				CLANG_WARN_CONSTANT_CONVERSION = YES;
				CLANG_WARN_DEPRECATED_OBJC_IMPLEMENTATIONS = YES;
				CLANG_WARN_DIRECT_OBJC_ISA_USAGE = YES_ERROR;
				CLANG_WARN_DOCUMENTATION_COMMENTS = YES;
				CLANG_WARN_EMPTY_BODY = YES;
				CLANG_WARN_ENUM_CONVERSION = YES;
				CLANG_WARN_INFINITE_RECURSION = YES;
				CLANG_WARN_INT_CONVERSION = YES;
				CLANG_WARN_NON_LITERAL_NULL_CONVERSION = YES;
				CLANG_WARN_OBJC_IMPLICIT_RETAIN_SELF = YES;
				CLANG_WARN_OBJC_LITERAL_CONVERSION = YES;
				CLANG_WARN_OBJC_ROOT_CLASS = YES_ERROR;
				CLANG_WARN_QUOTED_INCLUDE_IN_FRAMEWORK_HEADER = YES;
				CLANG_WARN_RANGE_LOOP_ANALYSIS = YES;
				CLANG_WARN_STRICT_PROTOTYPES = YES;
				CLANG_WARN_SUSPICIOUS_MOVE = YES;
				CLANG_WARN_UNGUARDED_AVAILABILITY = YES_AGGRESSIVE;
				CLANG_WARN_UNREACHABLE_CODE = YES;
				CLANG_WARN__DUPLICATE_METHOD_MATCH = YES;
				COPY_PHASE_STRIP = NO;
				DEBUG_INFORMATION_FORMAT = dwarf;
				ENABLE_STRICT_OBJC_MSGSEND = YES;
				ENABLE_TESTABILITY = YES;
				GCC_C_LANGUAGE_STANDARD = gnu11;
				GCC_DYNAMIC_NO_PIC = NO;
				GCC_NO_COMMON_BLOCKS = YES;
				GCC_OPTIMIZATION_LEVEL = 0;
				GCC_PREPROCESSOR_DEFINITIONS = (
					"DEBUG=1",
					"$(inherited)",
				);
				GCC_WARN_64_TO_32_BIT_CONVERSION = YES;
				GCC_WARN_ABOUT_RETURN_TYPE = YES_ERROR;
				GCC_WARN_UNDECLARED_SELECTOR = YES;
				GCC_WARN_UNINITIALIZED_AUTOS = YES_AGGRESSIVE;
				GCC_WARN_UNUSED_FUNCTION = YES;
				GCC_WARN_UNUSED_VARIABLE = YES;
				IPHONEOS_DEPLOYMENT_TARGET = 15.0;
				MTL_ENABLE_DEBUG_INFO = INCLUDE_SOURCE;
				MTL_FAST_MATH = YES;
				ONLY_ACTIVE_ARCH = YES;
				SDKROOT = iphoneos;
				SWIFT_ACTIVE_COMPILATION_CONDITIONS = DEBUG;
				SWIFT_OPTIMIZATION_LEVEL = "-Onone";
			};
			name = Debug;
		};
		565FF1872725CDBB00D51A61 /* Release */ = {
			isa = XCBuildConfiguration;
			buildSettings = {
				ALWAYS_SEARCH_USER_PATHS = NO;
				CLANG_ANALYZER_NONNULL = YES;
				CLANG_ANALYZER_NUMBER_OBJECT_CONVERSION = YES_AGGRESSIVE;
				CLANG_CXX_LANGUAGE_STANDARD = "gnu++17";
				CLANG_CXX_LIBRARY = "libc++";
				CLANG_ENABLE_MODULES = YES;
				CLANG_ENABLE_OBJC_ARC = YES;
				CLANG_ENABLE_OBJC_WEAK = YES;
				CLANG_WARN_BLOCK_CAPTURE_AUTORELEASING = YES;
				CLANG_WARN_BOOL_CONVERSION = YES;
				CLANG_WARN_COMMA = YES;
				CLANG_WARN_CONSTANT_CONVERSION = YES;
				CLANG_WARN_DEPRECATED_OBJC_IMPLEMENTATIONS = YES;
				CLANG_WARN_DIRECT_OBJC_ISA_USAGE = YES_ERROR;
				CLANG_WARN_DOCUMENTATION_COMMENTS = YES;
				CLANG_WARN_EMPTY_BODY = YES;
				CLANG_WARN_ENUM_CONVERSION = YES;
				CLANG_WARN_INFINITE_RECURSION = YES;
				CLANG_WARN_INT_CONVERSION = YES;
				CLANG_WARN_NON_LITERAL_NULL_CONVERSION = YES;
				CLANG_WARN_OBJC_IMPLICIT_RETAIN_SELF = YES;
				CLANG_WARN_OBJC_LITERAL_CONVERSION = YES;
				CLANG_WARN_OBJC_ROOT_CLASS = YES_ERROR;
				CLANG_WARN_QUOTED_INCLUDE_IN_FRAMEWORK_HEADER = YES;
				CLANG_WARN_RANGE_LOOP_ANALYSIS = YES;
				CLANG_WARN_STRICT_PROTOTYPES = YES;
				CLANG_WARN_SUSPICIOUS_MOVE = YES;
				CLANG_WARN_UNGUARDED_AVAILABILITY = YES_AGGRESSIVE;
				CLANG_WARN_UNREACHABLE_CODE = YES;
				CLANG_WARN__DUPLICATE_METHOD_MATCH = YES;
				COPY_PHASE_STRIP = NO;
				DEBUG_INFORMATION_FORMAT = "dwarf-with-dsym";
				ENABLE_NS_ASSERTIONS = NO;
				ENABLE_STRICT_OBJC_MSGSEND = YES;
				GCC_C_LANGUAGE_STANDARD = gnu11;
				GCC_NO_COMMON_BLOCKS = YES;
				GCC_WARN_64_TO_32_BIT_CONVERSION = YES;
				GCC_WARN_ABOUT_RETURN_TYPE = YES_ERROR;
				GCC_WARN_UNDECLARED_SELECTOR = YES;
				GCC_WARN_UNINITIALIZED_AUTOS = YES_AGGRESSIVE;
				GCC_WARN_UNUSED_FUNCTION = YES;
				GCC_WARN_UNUSED_VARIABLE = YES;
				IPHONEOS_DEPLOYMENT_TARGET = 15.0;
				MTL_ENABLE_DEBUG_INFO = NO;
				MTL_FAST_MATH = YES;
				SDKROOT = iphoneos;
				SWIFT_COMPILATION_MODE = wholemodule;
				SWIFT_OPTIMIZATION_LEVEL = "-O";
				VALIDATE_PRODUCT = YES;
			};
			name = Release;
		};
		565FF1892725CDBB00D51A61 /* Debug */ = {
			isa = XCBuildConfiguration;
			buildSettings = {
				ASSETCATALOG_COMPILER_APPICON_NAME = AppIcon;
				ASSETCATALOG_COMPILER_GLOBAL_ACCENT_COLOR_NAME = AccentColor;
				CODE_SIGN_STYLE = Automatic;
				CURRENT_PROJECT_VERSION = 1;
				DEVELOPMENT_TEAM = QK8LY36SC5;
				GENERATE_INFOPLIST_FILE = YES;
				INFOPLIST_FILE = Hepsiburada_iOS_Code_Case/Info.plist;
				INFOPLIST_KEY_UIApplicationSupportsIndirectInputEvents = YES;
				INFOPLIST_KEY_UILaunchStoryboardName = LaunchScreen;
				INFOPLIST_KEY_UIMainStoryboardFile = Main;
				INFOPLIST_KEY_UISupportedInterfaceOrientations_iPad = "UIInterfaceOrientationPortrait UIInterfaceOrientationPortraitUpsideDown UIInterfaceOrientationLandscapeLeft UIInterfaceOrientationLandscapeRight";
				INFOPLIST_KEY_UISupportedInterfaceOrientations_iPhone = "UIInterfaceOrientationPortrait UIInterfaceOrientationLandscapeLeft UIInterfaceOrientationLandscapeRight";
				LD_RUNPATH_SEARCH_PATHS = (
					"$(inherited)",
					"@executable_path/Frameworks",
				);
				MARKETING_VERSION = 1.0;
				PRODUCT_BUNDLE_IDENTIFIER = "com.egeseckin.Hepsiburada-iOS-Code-Case";
				PRODUCT_NAME = "$(TARGET_NAME)";
				SWIFT_EMIT_LOC_STRINGS = YES;
				SWIFT_VERSION = 5.0;
				TARGETED_DEVICE_FAMILY = "1,2";
			};
			name = Debug;
		};
		565FF18A2725CDBB00D51A61 /* Release */ = {
			isa = XCBuildConfiguration;
			buildSettings = {
				ASSETCATALOG_COMPILER_APPICON_NAME = AppIcon;
				ASSETCATALOG_COMPILER_GLOBAL_ACCENT_COLOR_NAME = AccentColor;
				CODE_SIGN_STYLE = Automatic;
				CURRENT_PROJECT_VERSION = 1;
				DEVELOPMENT_TEAM = QK8LY36SC5;
				GENERATE_INFOPLIST_FILE = YES;
				INFOPLIST_FILE = Hepsiburada_iOS_Code_Case/Info.plist;
				INFOPLIST_KEY_UIApplicationSupportsIndirectInputEvents = YES;
				INFOPLIST_KEY_UILaunchStoryboardName = LaunchScreen;
				INFOPLIST_KEY_UIMainStoryboardFile = Main;
				INFOPLIST_KEY_UISupportedInterfaceOrientations_iPad = "UIInterfaceOrientationPortrait UIInterfaceOrientationPortraitUpsideDown UIInterfaceOrientationLandscapeLeft UIInterfaceOrientationLandscapeRight";
				INFOPLIST_KEY_UISupportedInterfaceOrientations_iPhone = "UIInterfaceOrientationPortrait UIInterfaceOrientationLandscapeLeft UIInterfaceOrientationLandscapeRight";
				LD_RUNPATH_SEARCH_PATHS = (
					"$(inherited)",
					"@executable_path/Frameworks",
				);
				MARKETING_VERSION = 1.0;
				PRODUCT_BUNDLE_IDENTIFIER = "com.egeseckin.Hepsiburada-iOS-Code-Case";
				PRODUCT_NAME = "$(TARGET_NAME)";
				SWIFT_EMIT_LOC_STRINGS = YES;
				SWIFT_VERSION = 5.0;
				TARGETED_DEVICE_FAMILY = "1,2";
			};
			name = Release;
		};
		565FF18C2725CDBB00D51A61 /* Debug */ = {
			isa = XCBuildConfiguration;
			buildSettings = {
				ALWAYS_EMBED_SWIFT_STANDARD_LIBRARIES = YES;
				BUNDLE_LOADER = "$(TEST_HOST)";
				CODE_SIGN_STYLE = Automatic;
				CURRENT_PROJECT_VERSION = 1;
				DEVELOPMENT_TEAM = QK8LY36SC5;
				GENERATE_INFOPLIST_FILE = YES;
				IPHONEOS_DEPLOYMENT_TARGET = 15.0;
				LD_RUNPATH_SEARCH_PATHS = (
					"$(inherited)",
					"@executable_path/Frameworks",
					"@loader_path/Frameworks",
				);
				MARKETING_VERSION = 1.0;
				PRODUCT_BUNDLE_IDENTIFIER = "com.egeseckin.Hepsiburada-iOS-Code-CaseTests";
				PRODUCT_NAME = "$(TARGET_NAME)";
				SWIFT_EMIT_LOC_STRINGS = NO;
				SWIFT_VERSION = 5.0;
				TARGETED_DEVICE_FAMILY = "1,2";
				TEST_HOST = "$(BUILT_PRODUCTS_DIR)/Hepsiburada_iOS_Code_Case.app/Hepsiburada_iOS_Code_Case";
			};
			name = Debug;
		};
		565FF18D2725CDBB00D51A61 /* Release */ = {
			isa = XCBuildConfiguration;
			buildSettings = {
				ALWAYS_EMBED_SWIFT_STANDARD_LIBRARIES = YES;
				BUNDLE_LOADER = "$(TEST_HOST)";
				CODE_SIGN_STYLE = Automatic;
				CURRENT_PROJECT_VERSION = 1;
				DEVELOPMENT_TEAM = QK8LY36SC5;
				GENERATE_INFOPLIST_FILE = YES;
				IPHONEOS_DEPLOYMENT_TARGET = 15.0;
				LD_RUNPATH_SEARCH_PATHS = (
					"$(inherited)",
					"@executable_path/Frameworks",
					"@loader_path/Frameworks",
				);
				MARKETING_VERSION = 1.0;
				PRODUCT_BUNDLE_IDENTIFIER = "com.egeseckin.Hepsiburada-iOS-Code-CaseTests";
				PRODUCT_NAME = "$(TARGET_NAME)";
				SWIFT_EMIT_LOC_STRINGS = NO;
				SWIFT_VERSION = 5.0;
				TARGETED_DEVICE_FAMILY = "1,2";
				TEST_HOST = "$(BUILT_PRODUCTS_DIR)/Hepsiburada_iOS_Code_Case.app/Hepsiburada_iOS_Code_Case";
			};
			name = Release;
		};
		565FF18F2725CDBB00D51A61 /* Debug */ = {
			isa = XCBuildConfiguration;
			buildSettings = {
				ALWAYS_EMBED_SWIFT_STANDARD_LIBRARIES = YES;
				CODE_SIGN_STYLE = Automatic;
				CURRENT_PROJECT_VERSION = 1;
				DEVELOPMENT_TEAM = QK8LY36SC5;
				GENERATE_INFOPLIST_FILE = YES;
				LD_RUNPATH_SEARCH_PATHS = (
					"$(inherited)",
					"@executable_path/Frameworks",
					"@loader_path/Frameworks",
				);
				MARKETING_VERSION = 1.0;
				PRODUCT_BUNDLE_IDENTIFIER = "com.egeseckin.Hepsiburada-iOS-Code-CaseUITests";
				PRODUCT_NAME = "$(TARGET_NAME)";
				SWIFT_EMIT_LOC_STRINGS = NO;
				SWIFT_VERSION = 5.0;
				TARGETED_DEVICE_FAMILY = "1,2";
				TEST_TARGET_NAME = Hepsiburada_iOS_Code_Case;
			};
			name = Debug;
		};
		565FF1902725CDBB00D51A61 /* Release */ = {
			isa = XCBuildConfiguration;
			buildSettings = {
				ALWAYS_EMBED_SWIFT_STANDARD_LIBRARIES = YES;
				CODE_SIGN_STYLE = Automatic;
				CURRENT_PROJECT_VERSION = 1;
				DEVELOPMENT_TEAM = QK8LY36SC5;
				GENERATE_INFOPLIST_FILE = YES;
				LD_RUNPATH_SEARCH_PATHS = (
					"$(inherited)",
					"@executable_path/Frameworks",
					"@loader_path/Frameworks",
				);
				MARKETING_VERSION = 1.0;
				PRODUCT_BUNDLE_IDENTIFIER = "com.egeseckin.Hepsiburada-iOS-Code-CaseUITests";
				PRODUCT_NAME = "$(TARGET_NAME)";
				SWIFT_EMIT_LOC_STRINGS = NO;
				SWIFT_VERSION = 5.0;
				TARGETED_DEVICE_FAMILY = "1,2";
				TEST_TARGET_NAME = Hepsiburada_iOS_Code_Case;
			};
			name = Release;
		};
/* End XCBuildConfiguration section */

/* Begin XCConfigurationList section */
		565FF1592725CDB900D51A61 /* Build configuration list for PBXProject "Hepsiburada_iOS_Code_Case" */ = {
			isa = XCConfigurationList;
			buildConfigurations = (
				565FF1862725CDBB00D51A61 /* Debug */,
				565FF1872725CDBB00D51A61 /* Release */,
			);
			defaultConfigurationIsVisible = 0;
			defaultConfigurationName = Release;
		};
		565FF1882725CDBB00D51A61 /* Build configuration list for PBXNativeTarget "Hepsiburada_iOS_Code_Case" */ = {
			isa = XCConfigurationList;
			buildConfigurations = (
				565FF1892725CDBB00D51A61 /* Debug */,
				565FF18A2725CDBB00D51A61 /* Release */,
			);
			defaultConfigurationIsVisible = 0;
			defaultConfigurationName = Release;
		};
		565FF18B2725CDBB00D51A61 /* Build configuration list for PBXNativeTarget "Hepsiburada_iOS_Code_CaseTests" */ = {
			isa = XCConfigurationList;
			buildConfigurations = (
				565FF18C2725CDBB00D51A61 /* Debug */,
				565FF18D2725CDBB00D51A61 /* Release */,
			);
			defaultConfigurationIsVisible = 0;
			defaultConfigurationName = Release;
		};
		565FF18E2725CDBB00D51A61 /* Build configuration list for PBXNativeTarget "Hepsiburada_iOS_Code_CaseUITests" */ = {
			isa = XCConfigurationList;
			buildConfigurations = (
				565FF18F2725CDBB00D51A61 /* Debug */,
				565FF1902725CDBB00D51A61 /* Release */,
			);
			defaultConfigurationIsVisible = 0;
			defaultConfigurationName = Release;
		};
/* End XCConfigurationList section */
	};
	rootObject = 565FF1562725CDB900D51A61 /* Project object */;
}
